
Microsoft Visual Studio Solution File, Format Version 12.00
# Visual Studio 15
VisualStudioVersion = 15.0.28010.2016
MinimumVisualStudioVersion = 10.0.40219.1
Project("{FAE04EC0-301F-11D3-BF4B-00C04F79EFBC}") = "CiiMac.MVC", "CiiMac.MVC\CiiMac.MVC.csproj", "{96F1BC58-0F90-4636-B126-9FAF2144B6D5}"
EndProject
Global
	GlobalSection(SolutionConfigurationPlatforms) = preSolution
		Debug|Any CPU = Debug|Any CPU
		Release|Any CPU = Release|Any CPU
	EndGlobalSection
	GlobalSection(ProjectConfigurationPlatforms) = postSolution
		{96F1BC58-0F90-4636-B126-9FAF2144B6D5}.Debug|Any CPU.ActiveCfg = Debug|Any CPU
		{96F1BC58-0F90-4636-B126-9FAF2144B6D5}.Debug|Any CPU.Build.0 = Debug|Any CPU
		{96F1BC58-0F90-4636-B126-9FAF2144B6D5}.Release|Any CPU.ActiveCfg = Release|Any CPU
		{96F1BC58-0F90-4636-B126-9FAF2144B6D5}.Release|Any CPU.Build.0 = Release|Any CPU
	EndGlobalSection
	GlobalSection(SolutionProperties) = preSolution
		HideSolutionNode = FALSE
	EndGlobalSection
	GlobalSection(ExtensibilityGlobals) = postSolution
		SolutionGuid = {A84ACE5F-F0C2-465E-8E1B-A9AE238B9341}
	EndGlobalSection
EndGlobal
